
Microsoft Visual Studio Solution File, Format Version 12.00
# Visual Studio Version 17
VisualStudioVersion = 17.4.33213.308
MinimumVisualStudioVersion = 10.0.40219.1
Project("{8BC9CEB8-8B4A-11D0-8D11-00A0C91BC942}") = "Lab_1", "Lab_1.vcxproj", "{713C2DB0-AE9C-4E4A-990D-FA3B9B4193D3}"
EndProject
Global
	GlobalSection(SolutionConfigurationPlatforms) = preSolution
		Debug|x64 = Debug|x64
		Debug|x86 = Debug|x86
		Release|x64 = Release|x64
		Release|x86 = Release|x86
	EndGlobalSection
	GlobalSection(ProjectConfigurationPlatforms) = postSolution
		{713C2DB0-AE9C-4E4A-990D-FA3B9B4193D3}.Debug|x64.ActiveCfg = Debug|x64
		{713C2DB0-AE9C-4E4A-990D-FA3B9B4193D3}.Debug|x64.Build.0 = Debug|x64
		{713C2DB0-AE9C-4E4A-990D-FA3B9B4193D3}.Debug|x86.ActiveCfg = Debug|Win32
		{713C2DB0-AE9C-4E4A-990D-FA3B9B4193D3}.Debug|x86.Build.0 = Debug|Win32
		{713C2DB0-AE9C-4E4A-990D-FA3B9B4193D3}.Release|x64.ActiveCfg = Release|x64
		{713C2DB0-AE9C-4E4A-990D-FA3B9B4193D3}.Release|x64.Build.0 = Release|x64
		{713C2DB0-AE9C-4E4A-990D-FA3B9B4193D3}.Release|x86.ActiveCfg = Release|Win32
		{713C2DB0-AE9C-4E4A-990D-FA3B9B4193D3}.Release|x86.Build.0 = Release|Win32
	EndGlobalSection
	GlobalSection(SolutionProperties) = preSolution
		HideSolutionNode = FALSE
	EndGlobalSection
	GlobalSection(ExtensibilityGlobals) = postSolution
		SolutionGuid = {6CA2D53B-B354-477A-8737-05F4D86F11E4}
	EndGlobalSection
EndGlobal
